dependencies:
  esp_type_utils:
    dependencies: []
    source:
      path: C:\Users\pedro\Documentos\esp-idf\OSR3000---V4.1\components\esp_type_utils
      type: local
    version: 1.2.7
  idf:
    source:
      type: idf
    version: 5.5.1
direct_dependencies:
- idf
- k0i05/esp_type_utils
manifest_hash: 5ef7f91dd89375b1a28853ef66b2347c40b51bd3a95a8b8b7c4952720e225204
target: esp32s3
version: 2.0.0
